{
  "version": 4,
  "terraform_version": "1.5.7",
  "serial": 14,
  "lineage": "f960c31c-8144-e32c-37e1-c4d7fc2476bc",
  "outputs": {},
  "resources": [
    {
      "mode": "data",
      "type": "aws_ami",
      "name": "server_ami",
      "provider": "provider[\"registry.terraform.io/hashicorp/aws\"]",
      "instances": [
        {
          "schema_version": 0,
          "attributes": {
            "architecture": "x86_64",
            "arn": "arn:aws:ec2:ca-central-1::image/ami-0d4cc7e133cc9082d",
            "block_device_mappings": [
              {
                "device_name": "/dev/sda1",
                "ebs": {
                  "delete_on_termination": "true",
                  "encrypted": "false",
                  "iops": "0",
                  "snapshot_id": "snap-091b31cae34046dce",
                  "throughput": "0",
                  "volume_size": "8",
                  "volume_type": "gp2"
                },
                "no_device": "",
                "virtual_name": ""
              },
              {
                "device_name": "/dev/sdb",
                "ebs": {},
                "no_device": "",
                "virtual_name": "ephemeral0"
              },
              {
                "device_name": "/dev/sdc",
                "ebs": {},
                "no_device": "",
                "virtual_name": "ephemeral1"
              }
            ],
            "boot_mode": "legacy-bios",
            "creation_date": "2024-02-15T22:23:03.000Z",
            "deprecation_time": "2026-02-15T22:23:03.000Z",
            "description": "Canonical, Ubuntu, 20.04 LTS, amd64 focal image build on 2024-02-15",
            "ena_support": true,
            "executable_users": null,
            "filter": [
              {
                "name": "name",
                "values": [
                  "ubuntu/images/hvm-ssd/ubuntu-focal-20.04-amd64-server-*"
                ]
              }
            ],
            "hypervisor": "xen",
            "id": "ami-0d4cc7e133cc9082d",
            "image_id": "ami-0d4cc7e133cc9082d",
            "image_location": "amazon/ubuntu/images/hvm-ssd/ubuntu-focal-20.04-amd64-server-20240215",
            "image_owner_alias": "amazon",
            "image_type": "machine",
            "imds_support": "",
            "include_deprecated": false,
            "kernel_id": "",
            "most_recent": true,
            "name": "ubuntu/images/hvm-ssd/ubuntu-focal-20.04-amd64-server-20240215",
            "name_regex": null,
            "owner_id": "099720109477",
            "owners": [
              "099720109477"
            ],
            "platform": "",
            "platform_details": "Linux/UNIX",
            "product_codes": [],
            "public": true,
            "ramdisk_id": "",
            "root_device_name": "/dev/sda1",
            "root_device_type": "ebs",
            "root_snapshot_id": "snap-091b31cae34046dce",
            "sriov_net_support": "simple",
            "state": "available",
            "state_reason": {
              "code": "UNSET",
              "message": "UNSET"
            },
            "tags": {},
            "timeouts": null,
            "tpm_support": "",
            "usage_operation": "RunInstances",
            "virtualization_type": "hvm"
          },
          "sensitive_attributes": []
        }
      ]
    },
    {
      "mode": "managed",
      "type": "aws_autoscaling_group",
      "name": "terraform_ecs_asg",
      "provider": "provider[\"registry.terraform.io/hashicorp/aws\"]",
      "instances": [
        {
          "schema_version": 1,
          "attributes": {
            "arn": "arn:aws:autoscaling:ca-central-1:279949895186:autoScalingGroup:d5a4598f-55fd-4133-a0c0-a2086fe3724f:autoScalingGroupName/terraform-20240222085558578100000004",
            "availability_zones": [
              "ca-central-1a"
            ],
            "capacity_rebalance": false,
            "context": "",
            "default_cooldown": 300,
            "default_instance_warmup": 0,
            "desired_capacity": 2,
            "desired_capacity_type": "",
            "enabled_metrics": null,
            "force_delete": false,
            "force_delete_warm_pool": false,
            "health_check_grace_period": 300,
            "health_check_type": "EC2",
            "id": "terraform-20240222085558578100000004",
            "ignore_failed_scaling_activities": false,
            "initial_lifecycle_hook": [],
            "instance_maintenance_policy": [],
            "instance_refresh": [],
            "launch_configuration": "",
            "launch_template": [
              {
                "id": "lt-0f3f6b302519e403f",
                "name": "terraform-20240222085551495100000002",
                "version": "$Latest"
              }
            ],
            "load_balancers": [],
            "max_instance_lifetime": 0,
            "max_size": 2,
            "metrics_granularity": "1Minute",
            "min_elb_capacity": null,
            "min_size": 1,
            "mixed_instances_policy": [],
            "name": "terraform-20240222085558578100000004",
            "name_prefix": "terraform-",
            "placement_group": "",
            "predicted_capacity": 0,
            "protect_from_scale_in": false,
            "service_linked_role_arn": "arn:aws:iam::279949895186:role/aws-service-role/autoscaling.amazonaws.com/AWSServiceRoleForAutoScaling",
            "suspended_processes": null,
            "tag": [
              {
                "key": "AmazonECSManaged",
                "propagate_at_launch": true,
                "value": "true"
              }
            ],
            "target_group_arns": [],
            "termination_policies": null,
            "timeouts": null,
            "traffic_source": [],
            "vpc_zone_identifier": [
              "subnet-0579f84ff6a0ce8d8"
            ],
            "wait_for_capacity_timeout": "10m",
            "wait_for_elb_capacity": null,
            "warm_pool": [],
            "warm_pool_size": 0
          },
          "sensitive_attributes": [],
          "private": "eyJlMmJmYjczMC1lY2FhLTExZTYtOGY4OC0zNDM2M2JjN2M0YzAiOnsiZGVsZXRlIjo2MDAwMDAwMDAwMDAsInVwZGF0ZSI6NjAwMDAwMDAwMDAwfSwic2NoZW1hX3ZlcnNpb24iOiIxIn0=",
          "dependencies": [
            "aws_key_pair.key_pair",
            "aws_launch_template.terraform_instance",
            "aws_security_group.terraform_security_group",
            "aws_subnet.terraform_public_subnet",
            "aws_vpc.terraform_vpc",
            "data.aws_ami.server_ami",
            "tls_private_key.rsa_4096"
          ]
        }
      ]
    },
    {
      "mode": "managed",
      "type": "aws_ecr_repository",
      "name": "my_repository",
      "provider": "provider[\"registry.terraform.io/hashicorp/aws\"]",
      "instances": [
        {
          "schema_version": 0,
          "attributes": {
            "arn": "arn:aws:ecr:ca-central-1:279949895186:repository/my-api-repository",
            "encryption_configuration": [
              {
                "encryption_type": "AES256",
                "kms_key": ""
              }
            ],
            "force_delete": null,
            "id": "my-api-repository",
            "image_scanning_configuration": [
              {
                "scan_on_push": false
              }
            ],
            "image_tag_mutability": "MUTABLE",
            "name": "my-api-repository",
            "registry_id": "279949895186",
            "repository_url": "279949895186.dkr.ecr.ca-central-1.amazonaws.com/my-api-repository",
            "tags": null,
            "tags_all": {},
            "timeouts": null
          },
          "sensitive_attributes": [],
          "private": "eyJlMmJmYjczMC1lY2FhLTExZTYtOGY4OC0zNDM2M2JjN2M0YzAiOnsiZGVsZXRlIjoxMjAwMDAwMDAwMDAwfX0="
        }
      ]
    },
    {
      "mode": "managed",
      "type": "aws_ecs_cluster",
      "name": "my_cluster",
      "provider": "provider[\"registry.terraform.io/hashicorp/aws\"]",
      "instances": [
        {
          "schema_version": 0,
          "attributes": {
            "arn": "arn:aws:ecs:ca-central-1:279949895186:cluster/my-terraform-ecs-cluster",
            "configuration": [],
            "id": "arn:aws:ecs:ca-central-1:279949895186:cluster/my-terraform-ecs-cluster",
            "name": "my-terraform-ecs-cluster",
            "service_connect_defaults": [],
            "setting": [
              {
                "name": "containerInsights",
                "value": "disabled"
              }
            ],
            "tags": null,
            "tags_all": {}
          },
          "sensitive_attributes": [],
          "private": "bnVsbA=="
        }
      ]
    },
    {
      "mode": "managed",
      "type": "aws_internet_gateway",
      "name": "terraform_internet_gateway",
      "provider": "provider[\"registry.terraform.io/hashicorp/aws\"]",
      "instances": [
        {
          "schema_version": 0,
          "attributes": {
            "arn": "arn:aws:ec2:ca-central-1:279949895186:internet-gateway/igw-0cdb0356d71ba7606",
            "id": "igw-0cdb0356d71ba7606",
            "owner_id": "279949895186",
            "tags": {
              "Name": "terraform_igw"
            },
            "tags_all": {
              "Name": "terraform_igw"
            },
            "timeouts": null,
            "vpc_id": "vpc-06fbbb03aeaea99a4"
          },
          "sensitive_attributes": [],
          "private": "eyJlMmJmYjczMC1lY2FhLTExZTYtOGY4OC0zNDM2M2JjN2M0YzAiOnsiY3JlYXRlIjoxMjAwMDAwMDAwMDAwLCJkZWxldGUiOjEyMDAwMDAwMDAwMDAsInVwZGF0ZSI6MTIwMDAwMDAwMDAwMH19",
          "dependencies": [
            "aws_vpc.terraform_vpc"
          ]
        }
      ]
    },
    {
      "mode": "managed",
      "type": "aws_key_pair",
      "name": "key_pair",
      "provider": "provider[\"registry.terraform.io/hashicorp/aws\"]",
      "instances": [
        {
          "schema_version": 1,
          "attributes": {
            "arn": "arn:aws:ec2:ca-central-1:279949895186:key-pair/ds.pem",
            "fingerprint": "dd:a2:7c:a0:ee:1e:42:db:fb:b3:4e:b4:ed:4b:76:04",
            "id": "ds.pem",
            "key_name": "ds.pem",
            "key_name_prefix": "",
            "key_pair_id": "key-074e1826cf89a99aa",
            "key_type": "rsa",
            "public_key": "ssh-rsa AAAAB3NzaC1yc2EAAAADAQABAAACAQDB5SKBOLzRSDRbDb0t1YS7ObExE6RavmTaFABwBMpxVXGWgnBDC6pUZXBzoJyGmQpOnqTz4uW1M6YdSMg3rT971ivL9oZ6IAeBRHVo4f/mu7cihgV0VJvYjUQYy3lQypDTwpbByVOluFok5TTAjWXGlKKc2ZXRSD3Y14CCCFHc+8xqvRlCLn87MolHzcFEzWk4nGDcE5/1eVQSsc3Mvc/8HjvQZFgkxWqoopRt35PsVlZS3x64+4SYKEMRMVQqLfHyge83nq0k2N2E2Whi/X1+jdcHsUKAcFKSJq+cRd1Zg5VtDSGohcL7HsTV6aZ4RyDDwwu9WSXuL74eMx6qkVUZgU8Q5dIOpo+HFEKKoPnNFSzRZfCBxdYR3SpOvHqmHSkpwunpXi5109SRQOcvNHUB3n2lxbqzahmLyxCrjBPtn0Nw2c4SfPARSP8dLvRO6e3AdVT8Ix6SBhqftbRhWXxpeWv8SASCzT5YANqyE5RpnIRIWRdjpTkH4RvSr0LOlY/BPaWHzBAILp0e1pWDzfzDEBIhw16jif1uzJd8MEK0MbGlAMq+ZdYsVAnY3hGmYbKUuU3K1JarX4UB2nzwS0lUJCZ7V0l+E54xV71leu7ZGL7y0xNrvD9a9o50HFb+QsCXrECe0L7SMld1O3BYt2+9rq2eDBUXM1fVWaLB52dZTQ==",
            "tags": null,
            "tags_all": {}
          },
          "sensitive_attributes": [],
          "private": "eyJzY2hlbWFfdmVyc2lvbiI6IjEifQ==",
          "dependencies": [
            "tls_private_key.rsa_4096"
          ]
        }
      ]
    },
    {
      "mode": "managed",
      "type": "aws_launch_template",
      "name": "terraform_instance",
      "provider": "provider[\"registry.terraform.io/hashicorp/aws\"]",
      "instances": [
        {
          "schema_version": 0,
          "attributes": {
            "arn": "arn:aws:ec2:ca-central-1:279949895186:launch-template/lt-0f3f6b302519e403f",
            "block_device_mappings": [
              {
                "device_name": "/dev/xvda",
                "ebs": [
                  {
                    "delete_on_termination": "",
                    "encrypted": "",
                    "iops": 0,
                    "kms_key_id": "",
                    "snapshot_id": "",
                    "throughput": 0,
                    "volume_size": 30,
                    "volume_type": "gp2"
                  }
                ],
                "no_device": "",
                "virtual_name": ""
              }
            ],
            "capacity_reservation_specification": [],
            "cpu_options": [],
            "credit_specification": [],
            "default_version": 1,
            "description": "",
            "disable_api_stop": false,
            "disable_api_termination": false,
            "ebs_optimized": "",
            "elastic_gpu_specifications": [],
            "elastic_inference_accelerator": [],
            "enclave_options": [],
            "hibernation_options": [],
            "iam_instance_profile": [
              {
                "arn": "",
                "name": "ecsInstanceRole"
              }
            ],
            "id": "lt-0f3f6b302519e403f",
            "image_id": "ami-0d4cc7e133cc9082d",
            "instance_initiated_shutdown_behavior": "",
            "instance_market_options": [],
            "instance_requirements": [],
            "instance_type": "t2.micro",
            "kernel_id": "",
            "key_name": "ds.pem",
            "latest_version": 1,
            "license_specification": [],
            "maintenance_options": [],
            "metadata_options": [],
            "monitoring": [],
            "name": "terraform-20240222085551495100000002",
            "name_prefix": "terraform-",
            "network_interfaces": [],
            "placement": [],
            "private_dns_name_options": [],
            "ram_disk_id": "",
            "security_group_names": null,
            "tag_specifications": [],
            "tags": {
              "Name": "Terraform-Instance"
            },
            "tags_all": {
              "Name": "Terraform-Instance"
            },
            "update_default_version": null,
            "user_data": "IyEvYmluL2Jhc2gKZWNobyBFQ1NfQ0xVU1RFUj1teS1lY3MtY2x1c3RlciA+PiAvZXRjL2Vjcy9lY3MuY29uZmln",
            "vpc_security_group_ids": [
              "sg-0802beafbb95b42ec"
            ]
          },
          "sensitive_attributes": [],
          "private": "bnVsbA==",
          "dependencies": [
            "aws_key_pair.key_pair",
            "aws_security_group.terraform_security_group",
            "aws_vpc.terraform_vpc",
            "data.aws_ami.server_ami",
            "tls_private_key.rsa_4096"
          ]
        }
      ]
    },
    {
      "mode": "managed",
      "type": "aws_route_table",
      "name": "terraform_public_rt",
      "provider": "provider[\"registry.terraform.io/hashicorp/aws\"]",
      "instances": [
        {
          "schema_version": 0,
          "attributes": {
            "arn": "arn:aws:ec2:ca-central-1:279949895186:route-table/rtb-035079463cd88265a",
            "id": "rtb-035079463cd88265a",
            "owner_id": "279949895186",
            "propagating_vgws": [],
            "route": [
              {
                "carrier_gateway_id": "",
                "cidr_block": "0.0.0.0/0",
                "core_network_arn": "",
                "destination_prefix_list_id": "",
                "egress_only_gateway_id": "",
                "gateway_id": "igw-0cdb0356d71ba7606",
                "ipv6_cidr_block": "",
                "local_gateway_id": "",
                "nat_gateway_id": "",
                "network_interface_id": "",
                "transit_gateway_id": "",
                "vpc_endpoint_id": "",
                "vpc_peering_connection_id": ""
              }
            ],
            "tags": {
              "Name": "terraform_public_rt"
            },
            "tags_all": {
              "Name": "terraform_public_rt"
            },
            "timeouts": null,
            "vpc_id": "vpc-06fbbb03aeaea99a4"
          },
          "sensitive_attributes": [],
          "private": "eyJlMmJmYjczMC1lY2FhLTExZTYtOGY4OC0zNDM2M2JjN2M0YzAiOnsiY3JlYXRlIjozMDAwMDAwMDAwMDAsImRlbGV0ZSI6MzAwMDAwMDAwMDAwLCJ1cGRhdGUiOjEyMDAwMDAwMDAwMH19",
          "dependencies": [
            "aws_internet_gateway.terraform_internet_gateway",
            "aws_vpc.terraform_vpc"
          ]
        }
      ]
    },
    {
      "mode": "managed",
      "type": "aws_route_table_association",
      "name": "mtc_public_assoc",
      "provider": "provider[\"registry.terraform.io/hashicorp/aws\"]",
      "instances": [
        {
          "schema_version": 0,
          "attributes": {
            "gateway_id": "",
            "id": "rtbassoc-03e591b3928b12ba6",
            "route_table_id": "rtb-035079463cd88265a",
            "subnet_id": "subnet-0579f84ff6a0ce8d8",
            "timeouts": null
          },
          "sensitive_attributes": [],
          "private": "eyJlMmJmYjczMC1lY2FhLTExZTYtOGY4OC0zNDM2M2JjN2M0YzAiOnsiY3JlYXRlIjozMDAwMDAwMDAwMDAsImRlbGV0ZSI6MzAwMDAwMDAwMDAwLCJ1cGRhdGUiOjEyMDAwMDAwMDAwMH19",
          "dependencies": [
            "aws_internet_gateway.terraform_internet_gateway",
            "aws_route_table.terraform_public_rt",
            "aws_subnet.terraform_public_subnet",
            "aws_vpc.terraform_vpc"
          ]
        }
      ]
    },
    {
      "mode": "managed",
      "type": "aws_security_group",
      "name": "terraform_security_group",
      "provider": "provider[\"registry.terraform.io/hashicorp/aws\"]",
      "instances": [
        {
          "schema_version": 1,
          "attributes": {
            "arn": "arn:aws:ec2:ca-central-1:279949895186:security-group/sg-0802beafbb95b42ec",
            "description": "terraform Security Group ",
            "egress": [
              {
                "cidr_blocks": [
                  "0.0.0.0/0"
                ],
                "description": "",
                "from_port": 0,
                "ipv6_cidr_blocks": [],
                "prefix_list_ids": [],
                "protocol": "-1",
                "security_groups": [],
                "self": false,
                "to_port": 0
              }
            ],
            "id": "sg-0802beafbb95b42ec",
            "ingress": [
              {
                "cidr_blocks": [
                  "0.0.0.0/0"
                ],
                "description": "",
                "from_port": 0,
                "ipv6_cidr_blocks": [],
                "prefix_list_ids": [],
                "protocol": "-1",
                "security_groups": [],
                "self": false,
                "to_port": 0
              }
            ],
            "name": "terraform_sg",
            "name_prefix": "",
            "owner_id": "279949895186",
            "revoke_rules_on_delete": false,
            "tags": null,
            "tags_all": {},
            "timeouts": null,
            "vpc_id": "vpc-06fbbb03aeaea99a4"
          },
          "sensitive_attributes": [],
          "private": "eyJlMmJmYjczMC1lY2FhLTExZTYtOGY4OC0zNDM2M2JjN2M0YzAiOnsiY3JlYXRlIjo2MDAwMDAwMDAwMDAsImRlbGV0ZSI6OTAwMDAwMDAwMDAwfSwic2NoZW1hX3ZlcnNpb24iOiIxIn0=",
          "dependencies": [
            "aws_vpc.terraform_vpc"
          ]
        }
      ]
    },
    {
      "mode": "managed",
      "type": "aws_subnet",
      "name": "terraform_public_subnet",
      "provider": "provider[\"registry.terraform.io/hashicorp/aws\"]",
      "instances": [
        {
          "schema_version": 1,
          "attributes": {
            "arn": "arn:aws:ec2:ca-central-1:279949895186:subnet/subnet-0579f84ff6a0ce8d8",
            "assign_ipv6_address_on_creation": false,
            "availability_zone": "ca-central-1a",
            "availability_zone_id": "cac1-az1",
            "cidr_block": "10.123.1.0/24",
            "customer_owned_ipv4_pool": "",
            "enable_dns64": false,
            "enable_lni_at_device_index": 0,
            "enable_resource_name_dns_a_record_on_launch": false,
            "enable_resource_name_dns_aaaa_record_on_launch": false,
            "id": "subnet-0579f84ff6a0ce8d8",
            "ipv6_cidr_block": "",
            "ipv6_cidr_block_association_id": "",
            "ipv6_native": false,
            "map_customer_owned_ip_on_launch": false,
            "map_public_ip_on_launch": true,
            "outpost_arn": "",
            "owner_id": "279949895186",
            "private_dns_hostname_type_on_launch": "ip-name",
            "tags": {
              "Name": "terraform_public_subnet"
            },
            "tags_all": {
              "Name": "terraform_public_subnet"
            },
            "timeouts": null,
            "vpc_id": "vpc-06fbbb03aeaea99a4"
          },
          "sensitive_attributes": [],
          "private": "eyJlMmJmYjczMC1lY2FhLTExZTYtOGY4OC0zNDM2M2JjN2M0YzAiOnsiY3JlYXRlIjo2MDAwMDAwMDAwMDAsImRlbGV0ZSI6MTIwMDAwMDAwMDAwMH0sInNjaGVtYV92ZXJzaW9uIjoiMSJ9",
          "dependencies": [
            "aws_vpc.terraform_vpc"
          ]
        }
      ]
    },
    {
      "mode": "managed",
      "type": "aws_vpc",
      "name": "terraform_vpc",
      "provider": "provider[\"registry.terraform.io/hashicorp/aws\"]",
      "instances": [
        {
          "schema_version": 1,
          "attributes": {
            "arn": "arn:aws:ec2:ca-central-1:279949895186:vpc/vpc-06fbbb03aeaea99a4",
            "assign_generated_ipv6_cidr_block": false,
            "cidr_block": "10.123.0.0/16",
            "default_network_acl_id": "acl-05fe7f7f9e9d76049",
            "default_route_table_id": "rtb-0e37516f561a59d22",
            "default_security_group_id": "sg-0124ef9abaec51f37",
            "dhcp_options_id": "dopt-0db020f339cafae39",
            "enable_dns_hostnames": true,
            "enable_dns_support": true,
            "enable_network_address_usage_metrics": false,
            "id": "vpc-06fbbb03aeaea99a4",
            "instance_tenancy": "default",
            "ipv4_ipam_pool_id": null,
            "ipv4_netmask_length": null,
            "ipv6_association_id": "",
            "ipv6_cidr_block": "",
            "ipv6_cidr_block_network_border_group": "",
            "ipv6_ipam_pool_id": "",
            "ipv6_netmask_length": 0,
            "main_route_table_id": "rtb-0e37516f561a59d22",
            "owner_id": "279949895186",
            "tags": {
              "Name": "terraform"
            },
            "tags_all": {
              "Name": "terraform"
            }
          },
          "sensitive_attributes": [],
          "private": "eyJzY2hlbWFfdmVyc2lvbiI6IjEifQ=="
        }
      ]
    },
    {
      "mode": "managed",
      "type": "local_file",
      "name": "private_key",
      "provider": "provider[\"registry.terraform.io/hashicorp/local\"]",
      "instances": [
        {
          "schema_version": 0,
          "attributes": {
            "content": "-----BEGIN RSA PRIVATE KEY-----\nMIIJKQIBAAKCAgEAweUigTi80Ug0Ww29LdWEuzmxMROkWr5k2hQAcATKcVVxloJw\nQwuqVGVwc6CchpkKTp6k8+LltTOmHUjIN60/e9Yry/aGeiAHgUR1aOH/5ru3IoYF\ndFSb2I1EGMt5UMqQ08KWwclTpbhaJOU0wI1lxpSinNmV0Ug92NeAgghR3PvMar0Z\nQi5/OzKJR83BRM1pOJxg3BOf9XlUErHNzL3P/B470GRYJMVqqKKUbd+T7FZWUt8e\nuPuEmChDETFUKi3x8oHvN56tJNjdhNloYv19fo3XB7FCgHBSkiavnEXdWYOVbQ0h\nqIXC+x7E1emmeEcgw8MLvVkl7i++HjMeqpFVGYFPEOXSDqaPhxRCiqD5zRUs0WXw\ngcXWEd0qTrx6ph0pKcLp6V4uddPUkUDnLzR1Ad59pcW6s2oZi8sQq4wT7Z9DcNnO\nEnzwEUj/HS70TuntwHVU/CMekgYan7W0YVl8aXlr/EgEgs0+WADashOUaZyESFkX\nY6U5B+Eb0q9CzpWPwT2lh8wQCC6dHtaVg838wxASIcNeo4n9bsyXfDBCtDGxpQDK\nvmXWLFQJ2N4RpmGylLlNytSWq1+FAdp88EtJVCQme1dJfhOeMVe9ZXru2Ri+8tMT\na7w/WvaOdBxW/kLAl6xAntC+0jJXdTtwWLdvva6tngwVFzNX1VmiwednWU0CAwEA\nAQKCAgB6rTfknHpSy6VcitfL/REqyDjE/VF6nIYAuLECLvXLOS1R9huDQAk3tqqs\nbc07F+8+iP+C02dU+2W5l4geOf41ou848DRrZoJ5FlBW2M7pNJGNRVCEJtgn7lFM\ngsiyBkgVw0NRPskuy/I079QtlAj12Kr+JGi27kc7QDYtj4gEEkhmrFgj2Hllgfb7\nuEH0/yX4zHA4Li6ByI8Z+OdmCB5kvNhJZIOkWEfAhIT284OK/6FEc6jjjzd4cdjl\nMtm2ijVPo0gwX7Pa4V9eo5N5NjtFbAbF9jBGRUro75Mig82lyiwrwCgwkNkpu3D8\niwVpik8/rNNrrNDj388hGmTntGYrUAbV4sLtHEVSiSOYuzkpQoaqA2mOTBhuztTz\n7DpNBTZUACAPWXzW12fxOmbdG7GF0LbCs2Pk8CgG0vQSF+nXlO12Wkp+WMCniCwZ\nDO41HXJjSp5okNLLEjSPRcV5AW912nb4dmDDss4BeFdtnK8jOSmvz9V1lzimh8Ml\ncsRwiGDXvI58FcZ5OrMRU2Rah4S/Rr0QX3Ewarj94uJrlwFDrwvrLL177wy5i+H3\nFwMDYgS7P5kThVD7uM2o3RlJqrjbZRHklPboGbkLHrmzt2FP9PMh/Lp1FueeOo1I\n1xr2VUmXEt6PPCv6M8e8oUcpKfXd4GGN7UawDvR92/ygiEaqIQKCAQEA3QWcIqct\nCE89fKDpv7hGXgXb3GXBZBWYva+Z9zlcNVXEy7sYTT+7sBWgjHNBtSZz6IMYLn5W\nHum//iKT1J3FWQ5LRPKNZy89JWZYXJSZHdraY1F00Yt0RLO5bz3g+QilqqmvBkON\nT/4uSKZGLmrWQeDunk6soPw3S5xhvUiTvacJ+qKTzKUZQJNO522yavicK4JQMcRo\nYFoPWhTo8VLhKL8sVpt0P+2/SqhILkwi/Hv/wXxAo6RJ7RjDpb6JGyju6Xjot7Kf\nUKqPcK7zttWO62nruUkgfyKDhbNQ1Wz4lMH0IDef83RgRshmVi70eyjdU+SGJlQf\n9cDZ2jLkvHeepQKCAQEA4JSEyTzSyyBbezsObizrxxM5XPHNMd5vgjN/g3VmoSUf\neDRLz9cSq+ysJeKPfxr7ID9rkMleIHnbrHZWay8DO31OLrSVW5ktoWqkc7IgAJ3b\nGwLPr/1YPZxB5lfi9j1zkoWCDcGDnVtNOTCsmMSx6CAf84OgZb18dliuJb8DqZDJ\nZ4KZr0CpJTf5ZSiuyHBkyHGfGa8Gjjh0uryFMpibnC8wqsX6QswwZ8bPkuucHx7U\nT15KjfjDoz/sOXv/jZu0pPDrasM5EbYEn9Xrdw4DoGNW1MNyvKq3bzRUVqPnF7w3\nz1hV4XmylKlsnwKjMinyU0TtWrOqSQ0ggEegI7Y3iQKCAQEA1KvyOjHslgNRYdug\nMDeLlitDDIbpGHnjeBpBJ28NN9DoxTSpRKOf4OZejubUgg+XFlMWcJ5mFebMNChn\nYP3TCEdFy/kscO42gwdA3QyrbNvKqiiWJI9weC8Lrmu3T0mvx1DxNjDICAHH3WYJ\nP97TfZ6HXNLNLzahqmK2daEhcCsL4hyP5Smz67wS/4NBW8cO1prUuZ6I5LWj8gUO\nxC8AsumJK2j36g/FsnvMwKfIPnS+exopRIzwCXF7yL9XREgV45fRLfl1bPRBg6cE\noZhKpmFMTgR8fXjjX0JU9JifdNxQILQFeAgyH8nzFtilrOB8X54UK0tlWV6RAXFZ\nQbREdQKCAQEAz9uGXv8llo13PkI1o/F9s/5t/EFsirh2eoqRfal+eK10R/wXIuHL\nzUY7OsFL0Pe28GzicNp/fQ1sLV5Fs+SKWFgssXvANUw7+IdMeCyoBAoWjhR3B0sz\njap/L+OuE/xiaH2bFoJB/7VObx1G0gpTIyYAjJEKNsA/XwXLAPKfQCTa1CwDdDoj\nk2gQMvmJc8ja7s6C0/Gz3pQQLfloSqEGfXML1zNv4r08HADdg/z/van6FQ+Pb4GM\nCR+T0syahYVUl8jIC0NvIZ5W/1yuF73ny13GMxxGqKpVJt7HJH2E2OoCuaznp83M\nZF2/RBjb1QUP3NQR3v4lIIG+0Bv68rKnCQKCAQA2hIei5Q2rnxwdyRp6MeOq8G7b\ncr3kkSlKzNX0R41qayp4liX9vj7Af0BxHkiSVXrTynpUnkKDhfYpax4UJ54XGjDk\nMaB5yO5z2cdFTwDRYE5PrjFN3OAAEwuuqEQJJ/MHv1HyjZEP+a3f8RL6+/l/rcLD\nygWIqhiSviZ4aI2fg7b1NmPrFh+EwD9wpkZYzEWJN+67ajOohledz4wWXbIRtR/Z\nHrqiO3gIGUXsPDhpZ5hP1e7MzgaGRZe9cJgD98ho9AkE43aa9SC6a/Gzg+gdprMg\nDWcj0lLm0RSh0UGxqKYaGFJQEJlERDZr9e87sKmcNHwgd4VdetEYw9WvZiXU\n-----END RSA PRIVATE KEY-----\n",
            "content_base64": null,
            "content_base64sha256": "vKRdgBicaL3pkydsxnKKObYiK+fxJkcFoWVP/viJse8=",
            "content_base64sha512": "UUTjNLle3SCtIamuIHDpycbMQLh1/245Voh3Sg2niDfy6wW0u3f0zu1eIhUIJxchgiD/S5zE6LpkVfTZtG4r1w==",
            "content_md5": "325786ecb4374f90f1714c8433e22e83",
            "content_sha1": "b9f91a9575a3805f69ed3ff0061c2cc9c0fa620e",
            "content_sha256": "bca45d80189c68bde993276cc6728a39b6222be7f1264705a1654ffef889b1ef",
            "content_sha512": "5144e334b95edd20ad21a9ae2070e9c9c6cc40b875ff6e395688774a0da78837f2eb05b4bb77f4ceed5e2215082717218220ff4b9cc4e8ba6455f4d9b46e2bd7",
            "directory_permission": "0777",
            "file_permission": "0777",
            "filename": "ds.pem",
            "id": "b9f91a9575a3805f69ed3ff0061c2cc9c0fa620e",
            "sensitive_content": null,
            "source": null
          },
          "sensitive_attributes": [
            [
              {
                "type": "get_attr",
                "value": "content"
              }
            ]
          ],
          "dependencies": [
            "tls_private_key.rsa_4096"
          ]
        }
      ]
    },
    {
      "mode": "managed",
      "type": "tls_private_key",
      "name": "rsa_4096",
      "provider": "provider[\"registry.terraform.io/hashicorp/tls\"]",
      "instances": [
        {
          "schema_version": 1,
          "attributes": {
            "algorithm": "RSA",
            "ecdsa_curve": "P224",
            "id": "1995f1b7fec9bbcbc85fda0c3091482f7b456f81",
            "private_key_openssh": "-----BEGIN OPENSSH PRIVATE KEY-----\nb3BlbnNzaC1rZXktdjEAAAAABG5vbmUAAAAEbm9uZQAAAAAAAAABAAACFwAAAAdz\nc2gtcnNhAAAAAwEAAQAAAgEAweUigTi80Ug0Ww29LdWEuzmxMROkWr5k2hQAcATK\ncVVxloJwQwuqVGVwc6CchpkKTp6k8+LltTOmHUjIN60/e9Yry/aGeiAHgUR1aOH/\n5ru3IoYFdFSb2I1EGMt5UMqQ08KWwclTpbhaJOU0wI1lxpSinNmV0Ug92NeAgghR\n3PvMar0ZQi5/OzKJR83BRM1pOJxg3BOf9XlUErHNzL3P/B470GRYJMVqqKKUbd+T\n7FZWUt8euPuEmChDETFUKi3x8oHvN56tJNjdhNloYv19fo3XB7FCgHBSkiavnEXd\nWYOVbQ0hqIXC+x7E1emmeEcgw8MLvVkl7i++HjMeqpFVGYFPEOXSDqaPhxRCiqD5\nzRUs0WXwgcXWEd0qTrx6ph0pKcLp6V4uddPUkUDnLzR1Ad59pcW6s2oZi8sQq4wT\n7Z9DcNnOEnzwEUj/HS70TuntwHVU/CMekgYan7W0YVl8aXlr/EgEgs0+WADashOU\naZyESFkXY6U5B+Eb0q9CzpWPwT2lh8wQCC6dHtaVg838wxASIcNeo4n9bsyXfDBC\ntDGxpQDKvmXWLFQJ2N4RpmGylLlNytSWq1+FAdp88EtJVCQme1dJfhOeMVe9ZXru\n2Ri+8tMTa7w/WvaOdBxW/kLAl6xAntC+0jJXdTtwWLdvva6tngwVFzNX1Vmiwedn\nWU0AAAc4duzlenbs5XoAAAAHc3NoLXJzYQAAAgEAweUigTi80Ug0Ww29LdWEuzmx\nMROkWr5k2hQAcATKcVVxloJwQwuqVGVwc6CchpkKTp6k8+LltTOmHUjIN60/e9Yr\ny/aGeiAHgUR1aOH/5ru3IoYFdFSb2I1EGMt5UMqQ08KWwclTpbhaJOU0wI1lxpSi\nnNmV0Ug92NeAgghR3PvMar0ZQi5/OzKJR83BRM1pOJxg3BOf9XlUErHNzL3P/B47\n0GRYJMVqqKKUbd+T7FZWUt8euPuEmChDETFUKi3x8oHvN56tJNjdhNloYv19fo3X\nB7FCgHBSkiavnEXdWYOVbQ0hqIXC+x7E1emmeEcgw8MLvVkl7i++HjMeqpFVGYFP\nEOXSDqaPhxRCiqD5zRUs0WXwgcXWEd0qTrx6ph0pKcLp6V4uddPUkUDnLzR1Ad59\npcW6s2oZi8sQq4wT7Z9DcNnOEnzwEUj/HS70TuntwHVU/CMekgYan7W0YVl8aXlr\n/EgEgs0+WADashOUaZyESFkXY6U5B+Eb0q9CzpWPwT2lh8wQCC6dHtaVg838wxAS\nIcNeo4n9bsyXfDBCtDGxpQDKvmXWLFQJ2N4RpmGylLlNytSWq1+FAdp88EtJVCQm\ne1dJfhOeMVe9ZXru2Ri+8tMTa7w/WvaOdBxW/kLAl6xAntC+0jJXdTtwWLdvva6t\nngwVFzNX1VmiwednWU0AAAADAQABAAACAHqtN+ScelLLpVyK18v9ESrIOMT9UXqc\nhgC4sQIu9cs5LVH2G4NACTe2qqxtzTsX7z6I/4LTZ1T7ZbmXiB45/jWi7zjwNGtm\ngnkWUFbYzuk0kY1FUIQm2CfuUUyCyLIGSBXDQ1E+yS7L8jTv1C2UCPXYqv4kaLbu\nRztANi2PiAQSSGasWCPYeWWB9vu4QfT/JfjMcDguLoHIjxn452YIHmS82Elkg6RY\nR8CEhPbzg4r/oURzqOOPN3hx2OUy2baKNU+jSDBfs9rhX16jk3k2O0VsBsX2MEZF\nSujvkyKDzaXKLCvAKDCQ2Sm7cPyLBWmKTz+s02us0OPfzyEaZOe0ZitQBtXiwu0c\nRVKJI5i7OSlChqoDaY5MGG7O1PPsOk0FNlQAIA9ZfNbXZ/E6Zt0bsYXQtsKzY+Tw\nKAbS9BIX6deU7XZaSn5YwKeILBkM7jUdcmNKnmiQ0ssSNI9FxXkBb3Xadvh2YMOy\nzgF4V22cryM5Ka/P1XWXOKaHwyVyxHCIYNe8jnwVxnk6sxFTZFqHhL9GvRBfcTBq\nuP3i4muXAUOvC+ssvXvvDLmL4fcXAwNiBLs/mROFUPu4zajdGUmquNtlEeSU9ugZ\nuQseubO3YU/08yH8unUW5546jUjXGvZVSZcS3o88K/ozx7yhRykp9d3gYY3tRrAO\n9H3b/KCIRqohAAABADaEh6LlDaufHB3JGnox46rwbttyveSRKUrM1fRHjWprKniW\nJf2+PsB/QHEeSJJVetPKelSeQoOF9ilrHhQnnhcaMOQxoHnI7nPZx0VPANFgTk+u\nMU3c4AATC66oRAkn8we/UfKNkQ/5rd/xEvr7+X+twsPKBYiqGJK+JnhojZ+DtvU2\nY+sWH4TAP3CmRljMRYk37rtqM6iGV53PjBZdshG1H9keuqI7eAgZRew8OGlnmE/V\n7szOBoZFl71wmAP3yGj0CQTjdpr1ILpr8bOD6B2msyANZyPSUubRFKHRQbGophoY\nUlAQmURENmv17zuwqZw0fCB3hV160RjD1a9mJdQAAAEBAN0FnCKnLQhPPXyg6b+4\nRl4F29xlwWQVmL2vmfc5XDVVxMu7GE0/u7AVoIxzQbUmc+iDGC5+Vh7pv/4ik9Sd\nxVkOS0TyjWcvPSVmWFyUmR3a2mNRdNGLdESzuW894PkIpaqprwZDjU/+LkimRi5q\n1kHg7p5OrKD8N0ucYb1Ik72nCfqik8ylGUCTTudtsmr4nCuCUDHEaGBaD1oU6PFS\n4Si/LFabdD/tv0qoSC5MIvx7/8F8QKOkSe0Yw6W+iRso7ul46Leyn1Cqj3Cu87bV\njutp67lJIH8ig4WzUNVs+JTB9CA3n/N0YEbIZlYu9Hso3VPkhiZUH/XA2doy5Lx3\nnqUAAAEBAOCUhMk80ssgW3s7Dm4s68cTOVzxzTHeb4Izf4N1ZqElH3g0S8/XEqvs\nrCXij38a+yA/a5DJXiB526x2VmsvAzt9Ti60lVuZLaFqpHOyIACd2xsCz6/9WD2c\nQeZX4vY9c5KFgg3Bg51bTTkwrJjEseggH/ODoGW9fHZYriW/A6mQyWeCma9AqSU3\n+WUorshwZMhxnxmvBo44dLq8hTKYm5wvMKrF+kLMMGfGz5LrnB8e1E9eSo34w6M/\n7Dl7/42btKTw62rDORG2BJ/V63cOA6BjVtTDcryqt280VFaj5xe8N89YVeF5spSp\nbJ8CozIp8lNE7VqzqkkNIIBHoCO2N4kAAAAAAQID\n-----END OPENSSH PRIVATE KEY-----\n",
            "private_key_pem": "-----BEGIN RSA PRIVATE KEY-----\nMIIJKQIBAAKCAgEAweUigTi80Ug0Ww29LdWEuzmxMROkWr5k2hQAcATKcVVxloJw\nQwuqVGVwc6CchpkKTp6k8+LltTOmHUjIN60/e9Yry/aGeiAHgUR1aOH/5ru3IoYF\ndFSb2I1EGMt5UMqQ08KWwclTpbhaJOU0wI1lxpSinNmV0Ug92NeAgghR3PvMar0Z\nQi5/OzKJR83BRM1pOJxg3BOf9XlUErHNzL3P/B470GRYJMVqqKKUbd+T7FZWUt8e\nuPuEmChDETFUKi3x8oHvN56tJNjdhNloYv19fo3XB7FCgHBSkiavnEXdWYOVbQ0h\nqIXC+x7E1emmeEcgw8MLvVkl7i++HjMeqpFVGYFPEOXSDqaPhxRCiqD5zRUs0WXw\ngcXWEd0qTrx6ph0pKcLp6V4uddPUkUDnLzR1Ad59pcW6s2oZi8sQq4wT7Z9DcNnO\nEnzwEUj/HS70TuntwHVU/CMekgYan7W0YVl8aXlr/EgEgs0+WADashOUaZyESFkX\nY6U5B+Eb0q9CzpWPwT2lh8wQCC6dHtaVg838wxASIcNeo4n9bsyXfDBCtDGxpQDK\nvmXWLFQJ2N4RpmGylLlNytSWq1+FAdp88EtJVCQme1dJfhOeMVe9ZXru2Ri+8tMT\na7w/WvaOdBxW/kLAl6xAntC+0jJXdTtwWLdvva6tngwVFzNX1VmiwednWU0CAwEA\nAQKCAgB6rTfknHpSy6VcitfL/REqyDjE/VF6nIYAuLECLvXLOS1R9huDQAk3tqqs\nbc07F+8+iP+C02dU+2W5l4geOf41ou848DRrZoJ5FlBW2M7pNJGNRVCEJtgn7lFM\ngsiyBkgVw0NRPskuy/I079QtlAj12Kr+JGi27kc7QDYtj4gEEkhmrFgj2Hllgfb7\nuEH0/yX4zHA4Li6ByI8Z+OdmCB5kvNhJZIOkWEfAhIT284OK/6FEc6jjjzd4cdjl\nMtm2ijVPo0gwX7Pa4V9eo5N5NjtFbAbF9jBGRUro75Mig82lyiwrwCgwkNkpu3D8\niwVpik8/rNNrrNDj388hGmTntGYrUAbV4sLtHEVSiSOYuzkpQoaqA2mOTBhuztTz\n7DpNBTZUACAPWXzW12fxOmbdG7GF0LbCs2Pk8CgG0vQSF+nXlO12Wkp+WMCniCwZ\nDO41HXJjSp5okNLLEjSPRcV5AW912nb4dmDDss4BeFdtnK8jOSmvz9V1lzimh8Ml\ncsRwiGDXvI58FcZ5OrMRU2Rah4S/Rr0QX3Ewarj94uJrlwFDrwvrLL177wy5i+H3\nFwMDYgS7P5kThVD7uM2o3RlJqrjbZRHklPboGbkLHrmzt2FP9PMh/Lp1FueeOo1I\n1xr2VUmXEt6PPCv6M8e8oUcpKfXd4GGN7UawDvR92/ygiEaqIQKCAQEA3QWcIqct\nCE89fKDpv7hGXgXb3GXBZBWYva+Z9zlcNVXEy7sYTT+7sBWgjHNBtSZz6IMYLn5W\nHum//iKT1J3FWQ5LRPKNZy89JWZYXJSZHdraY1F00Yt0RLO5bz3g+QilqqmvBkON\nT/4uSKZGLmrWQeDunk6soPw3S5xhvUiTvacJ+qKTzKUZQJNO522yavicK4JQMcRo\nYFoPWhTo8VLhKL8sVpt0P+2/SqhILkwi/Hv/wXxAo6RJ7RjDpb6JGyju6Xjot7Kf\nUKqPcK7zttWO62nruUkgfyKDhbNQ1Wz4lMH0IDef83RgRshmVi70eyjdU+SGJlQf\n9cDZ2jLkvHeepQKCAQEA4JSEyTzSyyBbezsObizrxxM5XPHNMd5vgjN/g3VmoSUf\neDRLz9cSq+ysJeKPfxr7ID9rkMleIHnbrHZWay8DO31OLrSVW5ktoWqkc7IgAJ3b\nGwLPr/1YPZxB5lfi9j1zkoWCDcGDnVtNOTCsmMSx6CAf84OgZb18dliuJb8DqZDJ\nZ4KZr0CpJTf5ZSiuyHBkyHGfGa8Gjjh0uryFMpibnC8wqsX6QswwZ8bPkuucHx7U\nT15KjfjDoz/sOXv/jZu0pPDrasM5EbYEn9Xrdw4DoGNW1MNyvKq3bzRUVqPnF7w3\nz1hV4XmylKlsnwKjMinyU0TtWrOqSQ0ggEegI7Y3iQKCAQEA1KvyOjHslgNRYdug\nMDeLlitDDIbpGHnjeBpBJ28NN9DoxTSpRKOf4OZejubUgg+XFlMWcJ5mFebMNChn\nYP3TCEdFy/kscO42gwdA3QyrbNvKqiiWJI9weC8Lrmu3T0mvx1DxNjDICAHH3WYJ\nP97TfZ6HXNLNLzahqmK2daEhcCsL4hyP5Smz67wS/4NBW8cO1prUuZ6I5LWj8gUO\nxC8AsumJK2j36g/FsnvMwKfIPnS+exopRIzwCXF7yL9XREgV45fRLfl1bPRBg6cE\noZhKpmFMTgR8fXjjX0JU9JifdNxQILQFeAgyH8nzFtilrOB8X54UK0tlWV6RAXFZ\nQbREdQKCAQEAz9uGXv8llo13PkI1o/F9s/5t/EFsirh2eoqRfal+eK10R/wXIuHL\nzUY7OsFL0Pe28GzicNp/fQ1sLV5Fs+SKWFgssXvANUw7+IdMeCyoBAoWjhR3B0sz\njap/L+OuE/xiaH2bFoJB/7VObx1G0gpTIyYAjJEKNsA/XwXLAPKfQCTa1CwDdDoj\nk2gQMvmJc8ja7s6C0/Gz3pQQLfloSqEGfXML1zNv4r08HADdg/z/van6FQ+Pb4GM\nCR+T0syahYVUl8jIC0NvIZ5W/1yuF73ny13GMxxGqKpVJt7HJH2E2OoCuaznp83M\nZF2/RBjb1QUP3NQR3v4lIIG+0Bv68rKnCQKCAQA2hIei5Q2rnxwdyRp6MeOq8G7b\ncr3kkSlKzNX0R41qayp4liX9vj7Af0BxHkiSVXrTynpUnkKDhfYpax4UJ54XGjDk\nMaB5yO5z2cdFTwDRYE5PrjFN3OAAEwuuqEQJJ/MHv1HyjZEP+a3f8RL6+/l/rcLD\nygWIqhiSviZ4aI2fg7b1NmPrFh+EwD9wpkZYzEWJN+67ajOohledz4wWXbIRtR/Z\nHrqiO3gIGUXsPDhpZ5hP1e7MzgaGRZe9cJgD98ho9AkE43aa9SC6a/Gzg+gdprMg\nDWcj0lLm0RSh0UGxqKYaGFJQEJlERDZr9e87sKmcNHwgd4VdetEYw9WvZiXU\n-----END RSA PRIVATE KEY-----\n",
            "private_key_pem_pkcs8": "-----BEGIN PRIVATE KEY-----\nMIIJQwIBADANBgkqhkiG9w0BAQEFAASCCS0wggkpAgEAAoICAQDB5SKBOLzRSDRb\nDb0t1YS7ObExE6RavmTaFABwBMpxVXGWgnBDC6pUZXBzoJyGmQpOnqTz4uW1M6Yd\nSMg3rT971ivL9oZ6IAeBRHVo4f/mu7cihgV0VJvYjUQYy3lQypDTwpbByVOluFok\n5TTAjWXGlKKc2ZXRSD3Y14CCCFHc+8xqvRlCLn87MolHzcFEzWk4nGDcE5/1eVQS\nsc3Mvc/8HjvQZFgkxWqoopRt35PsVlZS3x64+4SYKEMRMVQqLfHyge83nq0k2N2E\n2Whi/X1+jdcHsUKAcFKSJq+cRd1Zg5VtDSGohcL7HsTV6aZ4RyDDwwu9WSXuL74e\nMx6qkVUZgU8Q5dIOpo+HFEKKoPnNFSzRZfCBxdYR3SpOvHqmHSkpwunpXi5109SR\nQOcvNHUB3n2lxbqzahmLyxCrjBPtn0Nw2c4SfPARSP8dLvRO6e3AdVT8Ix6SBhqf\ntbRhWXxpeWv8SASCzT5YANqyE5RpnIRIWRdjpTkH4RvSr0LOlY/BPaWHzBAILp0e\n1pWDzfzDEBIhw16jif1uzJd8MEK0MbGlAMq+ZdYsVAnY3hGmYbKUuU3K1JarX4UB\n2nzwS0lUJCZ7V0l+E54xV71leu7ZGL7y0xNrvD9a9o50HFb+QsCXrECe0L7SMld1\nO3BYt2+9rq2eDBUXM1fVWaLB52dZTQIDAQABAoICAHqtN+ScelLLpVyK18v9ESrI\nOMT9UXqchgC4sQIu9cs5LVH2G4NACTe2qqxtzTsX7z6I/4LTZ1T7ZbmXiB45/jWi\n7zjwNGtmgnkWUFbYzuk0kY1FUIQm2CfuUUyCyLIGSBXDQ1E+yS7L8jTv1C2UCPXY\nqv4kaLbuRztANi2PiAQSSGasWCPYeWWB9vu4QfT/JfjMcDguLoHIjxn452YIHmS8\n2Elkg6RYR8CEhPbzg4r/oURzqOOPN3hx2OUy2baKNU+jSDBfs9rhX16jk3k2O0Vs\nBsX2MEZFSujvkyKDzaXKLCvAKDCQ2Sm7cPyLBWmKTz+s02us0OPfzyEaZOe0ZitQ\nBtXiwu0cRVKJI5i7OSlChqoDaY5MGG7O1PPsOk0FNlQAIA9ZfNbXZ/E6Zt0bsYXQ\ntsKzY+TwKAbS9BIX6deU7XZaSn5YwKeILBkM7jUdcmNKnmiQ0ssSNI9FxXkBb3Xa\ndvh2YMOyzgF4V22cryM5Ka/P1XWXOKaHwyVyxHCIYNe8jnwVxnk6sxFTZFqHhL9G\nvRBfcTBquP3i4muXAUOvC+ssvXvvDLmL4fcXAwNiBLs/mROFUPu4zajdGUmquNtl\nEeSU9ugZuQseubO3YU/08yH8unUW5546jUjXGvZVSZcS3o88K/ozx7yhRykp9d3g\nYY3tRrAO9H3b/KCIRqohAoIBAQDdBZwipy0ITz18oOm/uEZeBdvcZcFkFZi9r5n3\nOVw1VcTLuxhNP7uwFaCMc0G1JnPogxguflYe6b/+IpPUncVZDktE8o1nLz0lZlhc\nlJkd2tpjUXTRi3REs7lvPeD5CKWqqa8GQ41P/i5IpkYuatZB4O6eTqyg/DdLnGG9\nSJO9pwn6opPMpRlAk07nbbJq+JwrglAxxGhgWg9aFOjxUuEovyxWm3Q/7b9KqEgu\nTCL8e//BfECjpEntGMOlvokbKO7peOi3sp9Qqo9wrvO21Y7raeu5SSB/IoOFs1DV\nbPiUwfQgN5/zdGBGyGZWLvR7KN1T5IYmVB/1wNnaMuS8d56lAoIBAQDglITJPNLL\nIFt7Ow5uLOvHEzlc8c0x3m+CM3+DdWahJR94NEvP1xKr7Kwl4o9/GvsgP2uQyV4g\nedusdlZrLwM7fU4utJVbmS2haqRzsiAAndsbAs+v/Vg9nEHmV+L2PXOShYINwYOd\nW005MKyYxLHoIB/zg6BlvXx2WK4lvwOpkMlngpmvQKklN/llKK7IcGTIcZ8ZrwaO\nOHS6vIUymJucLzCqxfpCzDBnxs+S65wfHtRPXkqN+MOjP+w5e/+Nm7Sk8OtqwzkR\ntgSf1et3DgOgY1bUw3K8qrdvNFRWo+cXvDfPWFXhebKUqWyfAqMyKfJTRO1as6pJ\nDSCAR6AjtjeJAoIBAQDUq/I6MeyWA1Fh26AwN4uWK0MMhukYeeN4GkEnbw030OjF\nNKlEo5/g5l6O5tSCD5cWUxZwnmYV5sw0KGdg/dMIR0XL+Sxw7jaDB0DdDKts28qq\nKJYkj3B4Lwuua7dPSa/HUPE2MMgIAcfdZgk/3tN9nodc0s0vNqGqYrZ1oSFwKwvi\nHI/lKbPrvBL/g0Fbxw7WmtS5nojktaPyBQ7ELwCy6YkraPfqD8Wye8zAp8g+dL57\nGilEjPAJcXvIv1dESBXjl9Et+XVs9EGDpwShmEqmYUxOBHx9eONfQlT0mJ903FAg\ntAV4CDIfyfMW2KWs4HxfnhQrS2VZXpEBcVlBtER1AoIBAQDP24Ze/yWWjXc+QjWj\n8X2z/m38QWyKuHZ6ipF9qX54rXRH/Bci4cvNRjs6wUvQ97bwbOJw2n99DWwtXkWz\n5IpYWCyxe8A1TDv4h0x4LKgEChaOFHcHSzONqn8v464T/GJofZsWgkH/tU5vHUbS\nClMjJgCMkQo2wD9fBcsA8p9AJNrULAN0OiOTaBAy+YlzyNruzoLT8bPelBAt+WhK\noQZ9cwvXM2/ivTwcAN2D/P+9qfoVD49vgYwJH5PSzJqFhVSXyMgLQ28hnlb/XK4X\nvefLXcYzHEaoqlUm3sckfYTY6gK5rOenzcxkXb9EGNvVBQ/c1BHe/iUggb7QG/ry\nsqcJAoIBADaEh6LlDaufHB3JGnox46rwbttyveSRKUrM1fRHjWprKniWJf2+PsB/\nQHEeSJJVetPKelSeQoOF9ilrHhQnnhcaMOQxoHnI7nPZx0VPANFgTk+uMU3c4AAT\nC66oRAkn8we/UfKNkQ/5rd/xEvr7+X+twsPKBYiqGJK+JnhojZ+DtvU2Y+sWH4TA\nP3CmRljMRYk37rtqM6iGV53PjBZdshG1H9keuqI7eAgZRew8OGlnmE/V7szOBoZF\nl71wmAP3yGj0CQTjdpr1ILpr8bOD6B2msyANZyPSUubRFKHRQbGophoYUlAQmURE\nNmv17zuwqZw0fCB3hV160RjD1a9mJdQ=\n-----END PRIVATE KEY-----\n",
            "public_key_fingerprint_md5": "45:76:d3:30:c9:26:dc:bd:8c:85:03:7e:0c:75:f8:e9",
            "public_key_fingerprint_sha256": "SHA256:Tiwyd2l+UIFjz/OsLjlxRrukIvOTix2T9iSm6FTZ3BU",
            "public_key_openssh": "ssh-rsa AAAAB3NzaC1yc2EAAAADAQABAAACAQDB5SKBOLzRSDRbDb0t1YS7ObExE6RavmTaFABwBMpxVXGWgnBDC6pUZXBzoJyGmQpOnqTz4uW1M6YdSMg3rT971ivL9oZ6IAeBRHVo4f/mu7cihgV0VJvYjUQYy3lQypDTwpbByVOluFok5TTAjWXGlKKc2ZXRSD3Y14CCCFHc+8xqvRlCLn87MolHzcFEzWk4nGDcE5/1eVQSsc3Mvc/8HjvQZFgkxWqoopRt35PsVlZS3x64+4SYKEMRMVQqLfHyge83nq0k2N2E2Whi/X1+jdcHsUKAcFKSJq+cRd1Zg5VtDSGohcL7HsTV6aZ4RyDDwwu9WSXuL74eMx6qkVUZgU8Q5dIOpo+HFEKKoPnNFSzRZfCBxdYR3SpOvHqmHSkpwunpXi5109SRQOcvNHUB3n2lxbqzahmLyxCrjBPtn0Nw2c4SfPARSP8dLvRO6e3AdVT8Ix6SBhqftbRhWXxpeWv8SASCzT5YANqyE5RpnIRIWRdjpTkH4RvSr0LOlY/BPaWHzBAILp0e1pWDzfzDEBIhw16jif1uzJd8MEK0MbGlAMq+ZdYsVAnY3hGmYbKUuU3K1JarX4UB2nzwS0lUJCZ7V0l+E54xV71leu7ZGL7y0xNrvD9a9o50HFb+QsCXrECe0L7SMld1O3BYt2+9rq2eDBUXM1fVWaLB52dZTQ==\n",
            "public_key_pem": "-----BEGIN PUBLIC KEY-----\nMIICIjANBgkqhkiG9w0BAQEFAAOCAg8AMIICCgKCAgEAweUigTi80Ug0Ww29LdWE\nuzmxMROkWr5k2hQAcATKcVVxloJwQwuqVGVwc6CchpkKTp6k8+LltTOmHUjIN60/\ne9Yry/aGeiAHgUR1aOH/5ru3IoYFdFSb2I1EGMt5UMqQ08KWwclTpbhaJOU0wI1l\nxpSinNmV0Ug92NeAgghR3PvMar0ZQi5/OzKJR83BRM1pOJxg3BOf9XlUErHNzL3P\n/B470GRYJMVqqKKUbd+T7FZWUt8euPuEmChDETFUKi3x8oHvN56tJNjdhNloYv19\nfo3XB7FCgHBSkiavnEXdWYOVbQ0hqIXC+x7E1emmeEcgw8MLvVkl7i++HjMeqpFV\nGYFPEOXSDqaPhxRCiqD5zRUs0WXwgcXWEd0qTrx6ph0pKcLp6V4uddPUkUDnLzR1\nAd59pcW6s2oZi8sQq4wT7Z9DcNnOEnzwEUj/HS70TuntwHVU/CMekgYan7W0YVl8\naXlr/EgEgs0+WADashOUaZyESFkXY6U5B+Eb0q9CzpWPwT2lh8wQCC6dHtaVg838\nwxASIcNeo4n9bsyXfDBCtDGxpQDKvmXWLFQJ2N4RpmGylLlNytSWq1+FAdp88EtJ\nVCQme1dJfhOeMVe9ZXru2Ri+8tMTa7w/WvaOdBxW/kLAl6xAntC+0jJXdTtwWLdv\nva6tngwVFzNX1VmiwednWU0CAwEAAQ==\n-----END PUBLIC KEY-----\n",
            "rsa_bits": 4096
          },
          "sensitive_attributes": []
        }
      ]
    }
  ],
  "check_results": null
}
